
Microsoft Visual Studio Solution File, Format Version 12.00
# Visual Studio Version 17
VisualStudioVersion = 17.14.37614.0 d17.14
MinimumVisualStudioVersion = 10.0.40219.1
Project("{FAE04EC0-301F-11D3-BF4B-00C04F79EFBC}") = "UptimeMonitor.Api", "UptimeMonitor.Api\UptimeMonitor.Api.csproj", "{823DC2CB-CED3-454C-9A8D-16D82D0794CF}"
EndProject
Global
	GlobalSection(SolutionConfigurationPlatforms) = preSolution
		Debug|Any CPU = Debug|Any CPU
		Release|Any CPU = Release|Any CPU
	EndGlobalSection
	GlobalSection(ProjectConfigurationPlatforms) = postSolution
		{823DC2CB-CED3-454C-9A8D-16D82D0794CF}.Debug|Any CPU.ActiveCfg = Debug|Any CPU
		{823DC2CB-CED3-454C-9A8D-16D82D0794CF}.Debug|Any CPU.Build.0 = Debug|Any CPU
		{823DC2CB-CED3-454C-9A8D-16D82D0794CF}.Release|Any CPU.ActiveCfg = Release|Any CPU
		{823DC2CB-CED3-454C-9A8D-16D82D0794CF}.Release|Any CPU.Build.0 = Release|Any CPU
	EndGlobalSection
	GlobalSection(SolutionProperties) = preSolution
		HideSolutionNode = FALSE
	EndGlobalSection
	GlobalSection(ExtensibilityGlobals) = postSolution
		SolutionGuid = {4F919423-E6F8-488F-AA7E-C5196B6D7468}
	EndGlobalSection
EndGlobal
